
Microsoft Visual Studio Solution File, Format Version 12.00
# Visual Studio Version 17
VisualStudioVersion = 17.12.35527.113 d17.12
MinimumVisualStudioVersion = 10.0.40219.1
Project("{FAE04EC0-301F-11D3-BF4B-00C04F79EFBC}") = "Veterinaria", "Veterinaria\Veterinaria.csproj", "{93ED2163-698A-4F03-8073-1121908D7EC4}"
EndProject
Project("{FAE04EC0-301F-11D3-BF4B-00C04F79EFBC}") = "Veterinaria.AccesoDatos", "Veterinaria.AccesoDatos\Veterinaria.AccesoDatos.csproj", "{5FF46B66-E7AC-45D8-A47F-7DFBC30FD74E}"
EndProject
Project("{FAE04EC0-301F-11D3-BF4B-00C04F79EFBC}") = "Veterinaria.Modelos", "Veterinaria.Modelos\Veterinaria.Modelos.csproj", "{4D181275-934D-49D2-941F-499F2853EC18}"
EndProject
Project("{FAE04EC0-301F-11D3-BF4B-00C04F79EFBC}") = "Veterinaria.Utilidades", "Veterinaria.Utilidades\Veterinaria.Utilidades.csproj", "{3601C0A6-D3F5-47FE-9CAF-A38DCA21DE27}"
EndProject
Global
	GlobalSection(SolutionConfigurationPlatforms) = preSolution
		Debug|Any CPU = Debug|Any CPU
		Release|Any CPU = Release|Any CPU
	EndGlobalSection
	GlobalSection(ProjectConfigurationPlatforms) = postSolution
		{93ED2163-698A-4F03-8073-1121908D7EC4}.Debug|Any CPU.ActiveCfg = Debug|Any CPU
		{93ED2163-698A-4F03-8073-1121908D7EC4}.Debug|Any CPU.Build.0 = Debug|Any CPU
		{93ED2163-698A-4F03-8073-1121908D7EC4}.Release|Any CPU.ActiveCfg = Release|Any CPU
		{93ED2163-698A-4F03-8073-1121908D7EC4}.Release|Any CPU.Build.0 = Release|Any CPU
		{5FF46B66-E7AC-45D8-A47F-7DFBC30FD74E}.Debug|Any CPU.ActiveCfg = Debug|Any CPU
		{5FF46B66-E7AC-45D8-A47F-7DFBC30FD74E}.Debug|Any CPU.Build.0 = Debug|Any CPU
		{5FF46B66-E7AC-45D8-A47F-7DFBC30FD74E}.Release|Any CPU.ActiveCfg = Release|Any CPU
		{5FF46B66-E7AC-45D8-A47F-7DFBC30FD74E}.Release|Any CPU.Build.0 = Release|Any CPU
		{4D181275-934D-49D2-941F-499F2853EC18}.Debug|Any CPU.ActiveCfg = Debug|Any CPU
		{4D181275-934D-49D2-941F-499F2853EC18}.Debug|Any CPU.Build.0 = Debug|Any CPU
		{4D181275-934D-49D2-941F-499F2853EC18}.Release|Any CPU.ActiveCfg = Release|Any CPU
		{4D181275-934D-49D2-941F-499F2853EC18}.Release|Any CPU.Build.0 = Release|Any CPU
		{3601C0A6-D3F5-47FE-9CAF-A38DCA21DE27}.Debug|Any CPU.ActiveCfg = Debug|Any CPU
		{3601C0A6-D3F5-47FE-9CAF-A38DCA21DE27}.Debug|Any CPU.Build.0 = Debug|Any CPU
		{3601C0A6-D3F5-47FE-9CAF-A38DCA21DE27}.Release|Any CPU.ActiveCfg = Release|Any CPU
		{3601C0A6-D3F5-47FE-9CAF-A38DCA21DE27}.Release|Any CPU.Build.0 = Release|Any CPU
	EndGlobalSection
	GlobalSection(SolutionProperties) = preSolution
		HideSolutionNode = FALSE
	EndGlobalSection
EndGlobal
